
Microsoft Visual Studio Solution File, Format Version 12.00
# Visual Studio Version 17
VisualStudioVersion = 17.0.31912.275
MinimumVisualStudioVersion = 10.0.40219.1
Project("{FAE04EC0-301F-11D3-BF4B-00C04F79EFBC}") = "ClassList", "ClassList.csproj", "{939BD9BC-E4A3-4003-9C50-006D7EB29917}"
EndProject
Project("{FAE04EC0-301F-11D3-BF4B-00C04F79EFBC}") = "ConsoleApp4", "..\ConsoleApp4\ConsoleApp4.csproj", "{8A746466-11BE-4C5E-9659-FBFE7B812F52}"
EndProject
Global
	GlobalSection(SolutionConfigurationPlatforms) = preSolution
		Debug|Any CPU = Debug|Any CPU
		Release|Any CPU = Release|Any CPU
	EndGlobalSection
	GlobalSection(ProjectConfigurationPlatforms) = postSolution
		{939BD9BC-E4A3-4003-9C50-006D7EB29917}.Debug|Any CPU.ActiveCfg = Debug|Any CPU
		{939BD9BC-E4A3-4003-9C50-006D7EB29917}.Debug|Any CPU.Build.0 = Debug|Any CPU
		{939BD9BC-E4A3-4003-9C50-006D7EB29917}.Release|Any CPU.ActiveCfg = Release|Any CPU
		{939BD9BC-E4A3-4003-9C50-006D7EB29917}.Release|Any CPU.Build.0 = Release|Any CPU
		{8A746466-11BE-4C5E-9659-FBFE7B812F52}.Debug|Any CPU.ActiveCfg = Debug|Any CPU
		{8A746466-11BE-4C5E-9659-FBFE7B812F52}.Debug|Any CPU.Build.0 = Debug|Any CPU
		{8A746466-11BE-4C5E-9659-FBFE7B812F52}.Release|Any CPU.ActiveCfg = Release|Any CPU
		{8A746466-11BE-4C5E-9659-FBFE7B812F52}.Release|Any CPU.Build.0 = Release|Any CPU
	EndGlobalSection
	GlobalSection(SolutionProperties) = preSolution
		HideSolutionNode = FALSE
	EndGlobalSection
	GlobalSection(ExtensibilityGlobals) = postSolution
		SolutionGuid = {93022B96-55B2-4805-A50F-9B1041CB7DC5}
	EndGlobalSection
EndGlobal
