
Microsoft Visual Studio Solution File, Format Version 12.00
# Visual Studio Version 17
VisualStudioVersion = 17.0.31912.275
MinimumVisualStudioVersion = 10.0.40219.1
Project("{FAE04EC0-301F-11D3-BF4B-00C04F79EFBC}") = "WindowsFormsApp5", "WindowsFormsApp5.csproj", "{1D488E6D-E57A-4F08-B288-378E00C70E24}"
EndProject
Global
	GlobalSection(SolutionConfigurationPlatforms) = preSolution
		Debug|Any CPU = Debug|Any CPU
		Release|Any CPU = Release|Any CPU
	EndGlobalSection
	GlobalSection(ProjectConfigurationPlatforms) = postSolution
		{1D488E6D-E57A-4F08-B288-378E00C70E24}.Debug|Any CPU.ActiveCfg = Debug|Any CPU
		{1D488E6D-E57A-4F08-B288-378E00C70E24}.Debug|Any CPU.Build.0 = Debug|Any CPU
		{1D488E6D-E57A-4F08-B288-378E00C70E24}.Release|Any CPU.ActiveCfg = Release|Any CPU
		{1D488E6D-E57A-4F08-B288-378E00C70E24}.Release|Any CPU.Build.0 = Release|Any CPU
	EndGlobalSection
	GlobalSection(SolutionProperties) = preSolution
		HideSolutionNode = FALSE
	EndGlobalSection
	GlobalSection(ExtensibilityGlobals) = postSolution
		SolutionGuid = {9B6BD460-45BA-4EF4-A95D-D84AF67846C6}
	EndGlobalSection
EndGlobal
